// !$*UTF8*$!
{
	archiveVersion = 1;
	classes = {
	};
	objectVersion = 46;
	objects = {

/* Begin PBXBuildFile section */
		3A69FE9F19F67D0F0086AD74 /* FacebookSDK.framework in Frameworks */ = {isa = PBXBuildFile; fileRef = 3A69FE9E19F67D0F0086AD74 /* FacebookSDK.framework */; };
		3A69FEA219F6982C0086AD74 /* EPMainViewController.m in Sources */ = {isa = PBXBuildFile; fileRef = 3A69FEA119F6982C0086AD74 /* EPMainViewController.m */; };
		3AA2C84F19F6659800819443 /* main.m in Sources */ = {isa = PBXBuildFile; fileRef = 3AA2C84E19F6659800819443 /* main.m */; };
		3AA2C85219F6659800819443 /* AppDelegate.m in Sources */ = {isa = PBXBuildFile; fileRef = 3AA2C85119F6659800819443 /* AppDelegate.m */; };
		3AA2C85519F6659800819443 /* EzyParking.xcdatamodeld in Sources */ = {isa = PBXBuildFile; fileRef = 3AA2C85319F6659800819443 /* EzyParking.xcdatamodeld */; };
		3AA2C85B19F6659800819443 /* Main.storyboard in Resources */ = {isa = PBXBuildFile; fileRef = 3AA2C85919F6659800819443 /* Main.storyboard */; };
		3AA2C85D19F6659800819443 /* Images.xcassets in Resources */ = {isa = PBXBuildFile; fileRef = 3AA2C85C19F6659800819443 /* Images.xcassets */; };
		3AA2C86019F6659800819443 /* LaunchScreen.xib in Resources */ = {isa = PBXBuildFile; fileRef = 3AA2C85E19F6659800819443 /* LaunchScreen.xib */; };
		3AA2C86C19F6659800819443 /* EzyParkingTests.m in Sources */ = {isa = PBXBuildFile; fileRef = 3AA2C86B19F6659800819443 /* EzyParkingTests.m */; };
		3AA2C87619F6664300819443 /* MapKit.framework in Frameworks */ = {isa = PBXBuildFile; fileRef = 3AA2C87519F6664300819443 /* MapKit.framework */; };
		3AA2C87C19F6789600819443 /* EPLoginViewController.m in Sources */ = {isa = PBXBuildFile; fileRef = 3AA2C87B19F6789600819443 /* EPLoginViewController.m */; };
		3ADD606C19F7D70F00769CF8 /* EPCarParking.m in Sources */ = {isa = PBXBuildFile; fileRef = 3ADD606B19F7D70F00769CF8 /* EPCarParking.m */; };
		3ADD606E19F7DC7900769CF8 /* CarParking.plist in Resources */ = {isa = PBXBuildFile; fileRef = 3ADD606D19F7DC7900769CF8 /* CarParking.plist */; };
		3ADD607319F7E61100769CF8 /* EPCarParkingInfo.m in Sources */ = {isa = PBXBuildFile; fileRef = 3ADD607219F7E61100769CF8 /* EPCarParkingInfo.m */; };
		763A0D94C5393D4F374C9DB7 /* libPods.a in Frameworks */ = {isa = PBXBuildFile; fileRef = A8BEC83A1B97E9E65DFB6711 /* libPods.a */; };
/* End PBXBuildFile section */

/* Begin PBXContainerItemProxy section */
		3AA2C86619F6659800819443 /* PBXContainerItemProxy */ = {
			isa = PBXContainerItemProxy;
			containerPortal = 3AA2C84119F6659800819443 /* Project object */;
			proxyType = 1;
			remoteGlobalIDString = 3AA2C84819F6659800819443;
			remoteInfo = EzyParking;
		};
/* End PBXContainerItemProxy section */

/* Begin PBXFileReference section */
		3A69FE9E19F67D0F0086AD74 /* FacebookSDK.framework */ = {isa = PBXFileReference; lastKnownFileType = wrapper.framework; name = FacebookSDK.framework; path = ../../../../Documents/FacebookSDK/FacebookSDK.framework; sourceTree = "<group>"; };
		3A69FEA019F6982C0086AD74 /* EPMainViewController.h */ = {isa = PBXFileReference; fileEncoding = 4; lastKnownFileType = sourcecode.c.h; name = EPMainViewController.h; path = Controller/EPMainViewController.h; sourceTree = "<group>"; };
		3A69FEA119F6982C0086AD74 /* EPMainViewController.m */ = {isa = PBXFileReference; fileEncoding = 4; lastKnownFileType = sourcecode.c.objc; name = EPMainViewController.m; path = Controller/EPMainViewController.m; sourceTree = "<group>"; };
		3AA2C84919F6659800819443 /* EzyParking.app */ = {isa = PBXFileReference; explicitFileType = wrapper.application; includeInIndex = 0; path = EzyParking.app; sourceTree = BUILT_PRODUCTS_DIR; };
		3AA2C84D19F6659800819443 /* Info.plist */ = {isa = PBXFileReference; lastKnownFileType = text.plist.xml; path = Info.plist; sourceTree = "<group>"; };
		3AA2C84E19F6659800819443 /* main.m */ = {isa = PBXFileReference; lastKnownFileType = sourcecode.c.objc; path = main.m; sourceTree = "<group>"; };
		3AA2C85019F6659800819443 /* AppDelegate.h */ = {isa = PBXFileReference; lastKnownFileType = sourcecode.c.h; path = AppDelegate.h; sourceTree = "<group>"; };
		3AA2C85119F6659800819443 /* AppDelegate.m */ = {isa = PBXFileReference; lastKnownFileType = sourcecode.c.objc; path = AppDelegate.m; sourceTree = "<group>"; };
		3AA2C85419F6659800819443 /* EzyParking.xcdatamodel */ = {isa = PBXFileReference; lastKnownFileType = wrapper.xcdatamodel; path = EzyParking.xcdatamodel; sourceTree = "<group>"; };
		3AA2C85A19F6659800819443 /* Base */ = {isa = PBXFileReference; lastKnownFileType = file.storyboard; name = Base; path = Base.lproj/Main.storyboard; sourceTree = "<group>"; };
		3AA2C85C19F6659800819443 /* Images.xcassets */ = {isa = PBXFileReference; lastKnownFileType = folder.assetcatalog; path = Images.xcassets; sourceTree = "<group>"; };
		3AA2C85F19F6659800819443 /* Base */ = {isa = PBXFileReference; lastKnownFileType = file.xib; name = Base; path = Base.lproj/LaunchScreen.xib; sourceTree = "<group>"; };
		3AA2C86519F6659800819443 /* EzyParkingTests.xctest */ = {isa = PBXFileReference; explicitFileType = wrapper.cfbundle; includeInIndex = 0; path = EzyParkingTests.xctest; sourceTree = BUILT_PRODUCTS_DIR; };
		3AA2C86A19F6659800819443 /* Info.plist */ = {isa = PBXFileReference; lastKnownFileType = text.plist.xml; path = Info.plist; sourceTree = "<group>"; };
		3AA2C86B19F6659800819443 /* EzyParkingTests.m */ = {isa = PBXFileReference; lastKnownFileType = sourcecode.c.objc; path = EzyParkingTests.m; sourceTree = "<group>"; };
		3AA2C87519F6664300819443 /* MapKit.framework */ = {isa = PBXFileReference; lastKnownFileType = wrapper.framework; name = MapKit.framework; path = System/Library/Frameworks/MapKit.framework; sourceTree = SDKROOT; };
		3AA2C87A19F6789600819443 /* EPLoginViewController.h */ = {isa = PBXFileReference; fileEncoding = 4; lastKnownFileType = sourcecode.c.h; name = EPLoginViewController.h; path = Controller/EPLoginViewController.h; sourceTree = "<group>"; };
		3AA2C87B19F6789600819443 /* EPLoginViewController.m */ = {isa = PBXFileReference; fileEncoding = 4; lastKnownFileType = sourcecode.c.objc; name = EPLoginViewController.m; path = Controller/EPLoginViewController.m; sourceTree = "<group>"; };
		3ADD606A19F7D70F00769CF8 /* EPCarParking.h */ = {isa = PBXFileReference; fileEncoding = 4; lastKnownFileType = sourcecode.c.h; name = EPCarParking.h; path = Model/EPCarParking.h; sourceTree = "<group>"; };
		3ADD606B19F7D70F00769CF8 /* EPCarParking.m */ = {isa = PBXFileReference; fileEncoding = 4; lastKnownFileType = sourcecode.c.objc; name = EPCarParking.m; path = Model/EPCarParking.m; sourceTree = "<group>"; };
		3ADD606D19F7DC7900769CF8 /* CarParking.plist */ = {isa = PBXFileReference; fileEncoding = 4; lastKnownFileType = text.plist.xml; path = CarParking.plist; sourceTree = "<group>"; };
		3ADD607119F7E61100769CF8 /* EPCarParkingInfo.h */ = {isa = PBXFileReference; fileEncoding = 4; lastKnownFileType = sourcecode.c.h; name = EPCarParkingInfo.h; path = Model/EPCarParkingInfo.h; sourceTree = "<group>"; };
		3ADD607219F7E61100769CF8 /* EPCarParkingInfo.m */ = {isa = PBXFileReference; fileEncoding = 4; lastKnownFileType = sourcecode.c.objc; name = EPCarParkingInfo.m; path = Model/EPCarParkingInfo.m; sourceTree = "<group>"; };
		576029B169FBC8E44CB76FA4 /* Pods.release.xcconfig */ = {isa = PBXFileReference; includeInIndex = 1; lastKnownFileType = text.xcconfig; name = Pods.release.xcconfig; path = "Pods/Target Support Files/Pods/Pods.release.xcconfig"; sourceTree = "<group>"; };
		9532BF59A34A00B9AEEC3B5E /* Pods.debug.xcconfig */ = {isa = PBXFileReference; includeInIndex = 1; lastKnownFileType = text.xcconfig; name = Pods.debug.xcconfig; path = "Pods/Target Support Files/Pods/Pods.debug.xcconfig"; sourceTree = "<group>"; };
		A8BEC83A1B97E9E65DFB6711 /* libPods.a */ = {isa = PBXFileReference; explicitFileType = archive.ar; includeInIndex = 0; path = libPods.a; sourceTree = BUILT_PRODUCTS_DIR; };
/* End PBXFileReference section */

/* Begin PBXFrameworksBuildPhase section */
		3AA2C84619F6659800819443 /* Frameworks */ = {
			isa = PBXFrameworksBuildPhase;
			buildActionMask = 2147483647;
			files = (
				3AA2C87619F6664300819443 /* MapKit.framework in Frameworks */,
				763A0D94C5393D4F374C9DB7 /* libPods.a in Frameworks */,
				3A69FE9F19F67D0F0086AD74 /* FacebookSDK.framework in Frameworks */,
			);
			runOnlyForDeploymentPostprocessing = 0;
		};
		3AA2C86219F6659800819443 /* Frameworks */ = {
			isa = PBXFrameworksBuildPhase;
			buildActionMask = 2147483647;
			files = (
			);
			runOnlyForDeploymentPostprocessing = 0;
		};
/* End PBXFrameworksBuildPhase section */

/* Begin PBXGroup section */
		129A2A745EE36AB7F060F08A /* Pods */ = {
			isa = PBXGroup;
			children = (
				9532BF59A34A00B9AEEC3B5E /* Pods.debug.xcconfig */,
				576029B169FBC8E44CB76FA4 /* Pods.release.xcconfig */,
			);
			name = Pods;
			sourceTree = "<group>";
		};
		3AA2C84019F6659800819443 = {
			isa = PBXGroup;
			children = (
				3AA2C84B19F6659800819443 /* EzyParking */,
				3AA2C86819F6659800819443 /* EzyParkingTests */,
				3AA2C84A19F6659800819443 /* Products */,
				129A2A745EE36AB7F060F08A /* Pods */,
				70773F352E3F7866C1811399 /* Frameworks */,
			);
			sourceTree = "<group>";
		};
		3AA2C84A19F6659800819443 /* Products */ = {
			isa = PBXGroup;
			children = (
				3AA2C84919F6659800819443 /* EzyParking.app */,
				3AA2C86519F6659800819443 /* EzyParkingTests.xctest */,
			);
			name = Products;
			sourceTree = "<group>";
		};
		3AA2C84B19F6659800819443 /* EzyParking */ = {
			isa = PBXGroup;
			children = (
				3AA2C87919F66EC800819443 /* Model */,
				3AA2C87819F66EC200819443 /* View */,
				3AA2C87719F66EB600819443 /* Controller */,
				3AA2C85919F6659800819443 /* Main.storyboard */,
				3AA2C85C19F6659800819443 /* Images.xcassets */,
				3AA2C85E19F6659800819443 /* LaunchScreen.xib */,
				3AA2C85319F6659800819443 /* EzyParking.xcdatamodeld */,
				3AA2C84C19F6659800819443 /* Supporting Files */,
			);
			path = EzyParking;
			sourceTree = "<group>";
		};
		3AA2C84C19F6659800819443 /* Supporting Files */ = {
			isa = PBXGroup;
			children = (
				3AA2C85019F6659800819443 /* AppDelegate.h */,
				3AA2C85119F6659800819443 /* AppDelegate.m */,
				3AA2C84D19F6659800819443 /* Info.plist */,
				3ADD606D19F7DC7900769CF8 /* CarParking.plist */,
				3AA2C84E19F6659800819443 /* main.m */,
			);
			name = "Supporting Files";
			sourceTree = "<group>";
		};
		3AA2C86819F6659800819443 /* EzyParkingTests */ = {
			isa = PBXGroup;
			children = (
				3AA2C86B19F6659800819443 /* EzyParkingTests.m */,
				3AA2C86919F6659800819443 /* Supporting Files */,
			);
			path = EzyParkingTests;
			sourceTree = "<group>";
		};
		3AA2C86919F6659800819443 /* Supporting Files */ = {
			isa = PBXGroup;
			children = (
				3AA2C86A19F6659800819443 /* Info.plist */,
			);
			name = "Supporting Files";
			sourceTree = "<group>";
		};
		3AA2C87719F66EB600819443 /* Controller */ = {
			isa = PBXGroup;
			children = (
				3AA2C87A19F6789600819443 /* EPLoginViewController.h */,
				3AA2C87B19F6789600819443 /* EPLoginViewController.m */,
				3A69FEA019F6982C0086AD74 /* EPMainViewController.h */,
				3A69FEA119F6982C0086AD74 /* EPMainViewController.m */,
			);
			name = Controller;
			sourceTree = "<group>";
		};
		3AA2C87819F66EC200819443 /* View */ = {
			isa = PBXGroup;
			children = (
			);
			name = View;
			sourceTree = "<group>";
		};
		3AA2C87919F66EC800819443 /* Model */ = {
			isa = PBXGroup;
			children = (
				3ADD606A19F7D70F00769CF8 /* EPCarParking.h */,
				3ADD606B19F7D70F00769CF8 /* EPCarParking.m */,
				3ADD607119F7E61100769CF8 /* EPCarParkingInfo.h */,
				3ADD607219F7E61100769CF8 /* EPCarParkingInfo.m */,
			);
			name = Model;
			sourceTree = "<group>";
		};
		70773F352E3F7866C1811399 /* Frameworks */ = {
			isa = PBXGroup;
			children = (
				3A69FE9E19F67D0F0086AD74 /* FacebookSDK.framework */,
				3AA2C87519F6664300819443 /* MapKit.framework */,
				A8BEC83A1B97E9E65DFB6711 /* libPods.a */,
			);
			name = Frameworks;
			sourceTree = "<group>";
		};
/* End PBXGroup section */

/* Begin PBXNativeTarget section */
		3AA2C84819F6659800819443 /* EzyParking */ = {
			isa = PBXNativeTarget;
			buildConfigurationList = 3AA2C86F19F6659800819443 /* Build configuration list for PBXNativeTarget "EzyParking" */;
			buildPhases = (
				B32FD1020916CBF0D1E38BB8 /* Check Pods Manifest.lock */,
				3AA2C84519F6659800819443 /* Sources */,
				3AA2C84619F6659800819443 /* Frameworks */,
				3AA2C84719F6659800819443 /* Resources */,
				0682CC21C8B5B5E21D013EFB /* Copy Pods Resources */,
			);
			buildRules = (
			);
			dependencies = (
			);
			name = EzyParking;
			productName = EzyParking;
			productReference = 3AA2C84919F6659800819443 /* EzyParking.app */;
			productType = "com.apple.product-type.application";
		};
		3AA2C86419F6659800819443 /* EzyParkingTests */ = {
			isa = PBXNativeTarget;
			buildConfigurationList = 3AA2C87219F6659800819443 /* Build configuration list for PBXNativeTarget "EzyParkingTests" */;
			buildPhases = (
				3AA2C86119F6659800819443 /* Sources */,
				3AA2C86219F6659800819443 /* Frameworks */,
				3AA2C86319F6659800819443 /* Resources */,
			);
			buildRules = (
			);
			dependencies = (
				3AA2C86719F6659800819443 /* PBXTargetDependency */,
			);
			name = EzyParkingTests;
			productName = EzyParkingTests;
			productReference = 3AA2C86519F6659800819443 /* EzyParkingTests.xctest */;
			productType = "com.apple.product-type.bundle.unit-test";
		};
/* End PBXNativeTarget section */

/* Begin PBXProject section */
		3AA2C84119F6659800819443 /* Project object */ = {
			isa = PBXProject;
			attributes = {
				LastUpgradeCheck = 0600;
				ORGANIZATIONNAME = "Sunny Zhou";
				TargetAttributes = {
					3AA2C84819F6659800819443 = {
						CreatedOnToolsVersion = 6.0;
						SystemCapabilities = {
							com.apple.Maps.iOS = {
								enabled = 1;
							};
						};
					};
					3AA2C86419F6659800819443 = {
						CreatedOnToolsVersion = 6.0;
						TestTargetID = 3AA2C84819F6659800819443;
					};
				};
			};
			buildConfigurationList = 3AA2C84419F6659800819443 /* Build configuration list for PBXProject "EzyParking" */;
			compatibilityVersion = "Xcode 3.2";
			developmentRegion = English;
			hasScannedForEncodings = 0;
			knownRegions = (
				en,
				Base,
			);
			mainGroup = 3AA2C84019F6659800819443;
			productRefGroup = 3AA2C84A19F6659800819443 /* Products */;
			projectDirPath = "";
			projectRoot = "";
			targets = (
				3AA2C84819F6659800819443 /* EzyParking */,
				3AA2C86419F6659800819443 /* EzyParkingTests */,
			);
		};
/* End PBXProject section */

/* Begin PBXResourcesBuildPhase section */
		3AA2C84719F6659800819443 /* Resources */ = {
			isa = PBXResourcesBuildPhase;
			buildActionMask = 2147483647;
			files = (
				3ADD606E19F7DC7900769CF8 /* CarParking.plist in Resources */,
				3AA2C85B19F6659800819443 /* Main.storyboard in Resources */,
				3AA2C86019F6659800819443 /* LaunchScreen.xib in Resources */,
				3AA2C85D19F6659800819443 /* Images.xcassets in Resources */,
			);
			runOnlyForDeploymentPostprocessing = 0;
		};
		3AA2C86319F6659800819443 /* Resources */ = {
			isa = PBXResourcesBuildPhase;
			buildActionMask = 2147483647;
			files = (
			);
			runOnlyForDeploymentPostprocessing = 0;
		};
/* End PBXResourcesBuildPhase section */

/* Begin PBXShellScriptBuildPhase section */
		0682CC21C8B5B5E21D013EFB /* Copy Pods Resources */ = {
			isa = PBXShellScriptBuildPhase;
			buildActionMask = 2147483647;
			files = (
			);
			inputPaths = (
			);
			name = "Copy Pods Resources";
			outputPaths = (
			);
			runOnlyForDeploymentPostprocessing = 0;
			shellPath = /bin/sh;
			shellScript = "\"${SRCROOT}/Pods/Target Support Files/Pods/Pods-resources.sh\"\n";
			showEnvVarsInLog = 0;
		};
		B32FD1020916CBF0D1E38BB8 /* Check Pods Manifest.lock */ = {
			isa = PBXShellScriptBuildPhase;
			buildActionMask = 2147483647;
			files = (
			);
			inputPaths = (
			);
			name = "Check Pods Manifest.lock";
			outputPaths = (
			);
			runOnlyForDeploymentPostprocessing = 0;
			shellPath = /bin/sh;
			shellScript = "diff \"${PODS_ROOT}/../Podfile.lock\" \"${PODS_ROOT}/Manifest.lock\" > /dev/null\nif [[ $? != 0 ]] ; then\n    cat << EOM\nerror: The sandbox is not in sync with the Podfile.lock. Run 'pod install' or update your CocoaPods installation.\nEOM\n    exit 1\nfi\n";
			showEnvVarsInLog = 0;
		};
/* End PBXShellScriptBuildPhase section */

/* Begin PBXSourcesBuildPhase section */
		3AA2C84519F6659800819443 /* Sources */ = {
			isa = PBXSourcesBuildPhase;
			buildActionMask = 2147483647;
			files = (
				3ADD606C19F7D70F00769CF8 /* EPCarParking.m in Sources */,
				3AA2C85219F6659800819443 /* AppDelegate.m in Sources */,
				3AA2C85519F6659800819443 /* EzyParking.xcdatamodeld in Sources */,
				3AA2C84F19F6659800819443 /* main.m in Sources */,
				3A69FEA219F6982C0086AD74 /* EPMainViewController.m in Sources */,
				3ADD607319F7E61100769CF8 /* EPCarParkingInfo.m in Sources */,
				3AA2C87C19F6789600819443 /* EPLoginViewController.m in Sources */,
			);
			runOnlyForDeploymentPostprocessing = 0;
		};
		3AA2C86119F6659800819443 /* Sources */ = {
			isa = PBXSourcesBuildPhase;
			buildActionMask = 2147483647;
			files = (
				3AA2C86C19F6659800819443 /* EzyParkingTests.m in Sources */,
			);
			runOnlyForDeploymentPostprocessing = 0;
		};
/* End PBXSourcesBuildPhase section */

/* Begin PBXTargetDependency section */
		3AA2C86719F6659800819443 /* PBXTargetDependency */ = {
			isa = PBXTargetDependency;
			target = 3AA2C84819F6659800819443 /* EzyParking */;
			targetProxy = 3AA2C86619F6659800819443 /* PBXContainerItemProxy */;
		};
/* End PBXTargetDependency section */

/* Begin PBXVariantGroup section */
		3AA2C85919F6659800819443 /* Main.storyboard */ = {
			isa = PBXVariantGroup;
			children = (
				3AA2C85A19F6659800819443 /* Base */,
			);
			name = Main.storyboard;
			sourceTree = "<group>";
		};
		3AA2C85E19F6659800819443 /* LaunchScreen.xib */ = {
			isa = PBXVariantGroup;
			children = (
				3AA2C85F19F6659800819443 /* Base */,
			);
			name = LaunchScreen.xib;
			sourceTree = "<group>";
		};
/* End PBXVariantGroup section */

/* Begin XCBuildConfiguration section */
		3AA2C86D19F6659800819443 /* Debug */ = {
			isa = XCBuildConfiguration;
			buildSettings = {
				ALWAYS_SEARCH_USER_PATHS = NO;
				CLANG_CXX_LANGUAGE_STANDARD = "gnu++0x";
				CLANG_CXX_LIBRARY = "libc++";
				CLANG_ENABLE_MODULES = YES;
				CLANG_ENABLE_OBJC_ARC = YES;
				CLANG_WARN_BOOL_CONVERSION = YES;
				CLANG_WARN_CONSTANT_CONVERSION = YES;
				CLANG_WARN_DIRECT_OBJC_ISA_USAGE = YES_ERROR;
				CLANG_WARN_EMPTY_BODY = YES;
				CLANG_WARN_ENUM_CONVERSION = YES;
				CLANG_WARN_INT_CONVERSION = YES;
				CLANG_WARN_OBJC_ROOT_CLASS = YES_ERROR;
				CLANG_WARN_UNREACHABLE_CODE = YES;
				CLANG_WARN__DUPLICATE_METHOD_MATCH = YES;
				"CODE_SIGN_IDENTITY[sdk=iphoneos*]" = "iPhone Developer";
				COPY_PHASE_STRIP = NO;
				ENABLE_STRICT_OBJC_MSGSEND = YES;
				GCC_C_LANGUAGE_STANDARD = gnu99;
				GCC_DYNAMIC_NO_PIC = NO;
				GCC_OPTIMIZATION_LEVEL = 0;
				GCC_PREPROCESSOR_DEFINITIONS = (
					"DEBUG=1",
					"$(inherited)",
				);
				GCC_SYMBOLS_PRIVATE_EXTERN = NO;
				GCC_WARN_64_TO_32_BIT_CONVERSION = YES;
				GCC_WARN_ABOUT_RETURN_TYPE = YES_ERROR;
				GCC_WARN_UNDECLARED_SELECTOR = YES;
				GCC_WARN_UNINITIALIZED_AUTOS = YES_AGGRESSIVE;
				GCC_WARN_UNUSED_FUNCTION = YES;
				GCC_WARN_UNUSED_VARIABLE = YES;
				IPHONEOS_DEPLOYMENT_TARGET = 8.0;
				MTL_ENABLE_DEBUG_INFO = YES;
				ONLY_ACTIVE_ARCH = YES;
				SDKROOT = iphoneos;
			};
			name = Debug;
		};
		3AA2C86E19F6659800819443 /* Release */ = {
			isa = XCBuildConfiguration;
			buildSettings = {
				ALWAYS_SEARCH_USER_PATHS = NO;
				CLANG_CXX_LANGUAGE_STANDARD = "gnu++0x";
				CLANG_CXX_LIBRARY = "libc++";
				CLANG_ENABLE_MODULES = YES;
				CLANG_ENABLE_OBJC_ARC = YES;
				CLANG_WARN_BOOL_CONVERSION = YES;
				CLANG_WARN_CONSTANT_CONVERSION = YES;
				CLANG_WARN_DIRECT_OBJC_ISA_USAGE = YES_ERROR;
				CLANG_WARN_EMPTY_BODY = YES;
				CLANG_WARN_ENUM_CONVERSION = YES;
				CLANG_WARN_INT_CONVERSION = YES;
				CLANG_WARN_OBJC_ROOT_CLASS = YES_ERROR;
				CLANG_WARN_UNREACHABLE_CODE = YES;
				CLANG_WARN__DUPLICATE_METHOD_MATCH = YES;
				"CODE_SIGN_IDENTITY[sdk=iphoneos*]" = "iPhone Developer";
				COPY_PHASE_STRIP = YES;
				ENABLE_NS_ASSERTIONS = NO;
				ENABLE_STRICT_OBJC_MSGSEND = YES;
				GCC_C_LANGUAGE_STANDARD = gnu99;
				GCC_WARN_64_TO_32_BIT_CONVERSION = YES;
				GCC_WARN_ABOUT_RETURN_TYPE = YES_ERROR;
				GCC_WARN_UNDECLARED_SELECTOR = YES;
				GCC_WARN_UNINITIALIZED_AUTOS = YES_AGGRESSIVE;
				GCC_WARN_UNUSED_FUNCTION = YES;
				GCC_WARN_UNUSED_VARIABLE = YES;
				IPHONEOS_DEPLOYMENT_TARGET = 8.0;
				MTL_ENABLE_DEBUG_INFO = NO;
				SDKROOT = iphoneos;
				VALIDATE_PRODUCT = YES;
			};
			name = Release;
		};
		3AA2C87019F6659800819443 /* Debug */ = {
			isa = XCBuildConfiguration;
			baseConfigurationReference = 9532BF59A34A00B9AEEC3B5E /* Pods.debug.xcconfig */;
			buildSettings = {
				ASSETCATALOG_COMPILER_APPICON_NAME = AppIcon;
				CODE_SIGN_IDENTITY = "iPhone Developer: zhou tianjun (UD9JTJ4T62)";
				"CODE_SIGN_IDENTITY[sdk=iphoneos*]" = "iPhone Developer: zhou tianjun (UD9JTJ4T62)";
				FRAMEWORK_SEARCH_PATHS = (
					"$(inherited)",
					/Users/benzhang/Documents/FacebookSDK,
				);
				INFOPLIST_FILE = EzyParking/Info.plist;
				IPHONEOS_DEPLOYMENT_TARGET = 7.0;
				LD_RUNPATH_SEARCH_PATHS = "$(inherited) @executable_path/Frameworks";
				PRODUCT_NAME = "$(TARGET_NAME)";
				PROVISIONING_PROFILE = "04b8d5bc-04d5-4726-b20b-92696b143043";
			};
			name = Debug;
		};
		3AA2C87119F6659800819443 /* Release */ = {
			isa = XCBuildConfiguration;
			baseConfigurationReference = 576029B169FBC8E44CB76FA4 /* Pods.release.xcconfig */;
			buildSettings = {
				ASSETCATALOG_COMPILER_APPICON_NAME = AppIcon;
				CODE_SIGN_IDENTITY = "iPhone Distribution: zhou tianjun (B6BMC72F9F)";
				"CODE_SIGN_IDENTITY[sdk=iphoneos*]" = "iPhone Distribution: zhou tianjun (B6BMC72F9F)";
				FRAMEWORK_SEARCH_PATHS = (
					"$(inherited)",
					/Users/benzhang/Documents/FacebookSDK,
				);
				INFOPLIST_FILE = EzyParking/Info.plist;
				IPHONEOS_DEPLOYMENT_TARGET = 7.0;
				LD_RUNPATH_SEARCH_PATHS = "$(inherited) @executable_path/Frameworks";
				PRODUCT_NAME = "$(TARGET_NAME)";
				PROVISIONING_PROFILE = "bf1ade63-b124-45a0-9b52-9580cb30d302";
			};
			name = Release;
		};
		3AA2C87319F6659800819443 /* Debug */ = {
			isa = XCBuildConfiguration;
			buildSettings = {
				BUNDLE_LOADER = "$(TEST_HOST)";
				FRAMEWORK_SEARCH_PATHS = (
					"$(SDKROOT)/Developer/Library/Frameworks",
					"$(inherited)",
				);
				GCC_PREPROCESSOR_DEFINITIONS = (
					"DEBUG=1",
					"$(inherited)",
				);
				INFOPLIST_FILE = EzyParkingTests/Info.plist;
				LD_RUNPATH_SEARCH_PATHS = "$(inherited) @executable_path/Frameworks @loader_path/Frameworks";
				PRODUCT_NAME = "$(TARGET_NAME)";
				TEST_HOST = "$(BUILT_PRODUCTS_DIR)/EzyParking.app/EzyParking";
			};
			name = Debug;
		};
		3AA2C87419F6659800819443 /* Release */ = {
			isa = XCBuildConfiguration;
			buildSettings = {
				BUNDLE_LOADER = "$(TEST_HOST)";
				FRAMEWORK_SEARCH_PATHS = (
					"$(SDKROOT)/Developer/Library/Frameworks",
					"$(inherited)",
				);
				INFOPLIST_FILE = EzyParkingTests/Info.plist;
				LD_RUNPATH_SEARCH_PATHS = "$(inherited) @executable_path/Frameworks @loader_path/Frameworks";
				PRODUCT_NAME = "$(TARGET_NAME)";
				TEST_HOST = "$(BUILT_PRODUCTS_DIR)/EzyParking.app/EzyParking";
			};
			name = Release;
		};
/* End XCBuildConfiguration section */

/* Begin XCConfigurationList section */
		3AA2C84419F6659800819443 /* Build configuration list for PBXProject "EzyParking" */ = {
			isa = XCConfigurationList;
			buildConfigurations = (
				3AA2C86D19F6659800819443 /* Debug */,
				3AA2C86E19F6659800819443 /* Release */,
			);
			defaultConfigurationIsVisible = 0;
			defaultConfigurationName = Release;
		};
		3AA2C86F19F6659800819443 /* Build configuration list for PBXNativeTarget "EzyParking" */ = {
			isa = XCConfigurationList;
			buildConfigurations = (
				3AA2C87019F6659800819443 /* Debug */,
				3AA2C87119F6659800819443 /* Release */,
			);
			defaultConfigurationIsVisible = 0;
			defaultConfigurationName = Release;
		};
		3AA2C87219F6659800819443 /* Build configuration list for PBXNativeTarget "EzyParkingTests" */ = {
			isa = XCConfigurationList;
			buildConfigurations = (
				3AA2C87319F6659800819443 /* Debug */,
				3AA2C87419F6659800819443 /* Release */,
			);
			defaultConfigurationIsVisible = 0;
			defaultConfigurationName = Release;
		};
/* End XCConfigurationList section */

/* Begin XCVersionGroup section */
		3AA2C85319F6659800819443 /* EzyParking.xcdatamodeld */ = {
			isa = XCVersionGroup;
			children = (
				3AA2C85419F6659800819443 /* EzyParking.xcdatamodel */,
			);
			currentVersion = 3AA2C85419F6659800819443 /* EzyParking.xcdatamodel */;
			path = EzyParking.xcdatamodeld;
			sourceTree = "<group>";
			versionGroupType = wrapper.xcdatamodel;
		};
/* End XCVersionGroup section */
	};
	rootObject = 3AA2C84119F6659800819443 /* Project object */;
}
